
Microsoft Visual Studio Solution File, Format Version 12.00
# Visual Studio Version 16
VisualStudioVersion = 16.0.30711.63
MinimumVisualStudioVersion = 10.0.40219.1
Project("{9A19103F-16F7-4668-BE54-9A1E7A4F7556}") = "MapperSpeedTest.Entities", "MapperSpeedTest.Entities\MapperSpeedTest.Entities.csproj", "{115769BC-AE94-4E83-9EEF-6A31606C17C5}"
EndProject
Project("{9A19103F-16F7-4668-BE54-9A1E7A4F7556}") = "MapperSpeedTest.Automapper", "MapperSpeedTest.Automapper\MapperSpeedTest.Automapper.csproj", "{281EE55F-BEE6-49DB-9CEC-655925EEA8FC}"
EndProject
Project("{9A19103F-16F7-4668-BE54-9A1E7A4F7556}") = "MapperSpeedTest.Mapster", "MapperSpeedTest.Mapster\MapperSpeedTest.Mapster.csproj", "{E9A11039-B562-43EB-8DAB-96120E5A732C}"
EndProject
Project("{9A19103F-16F7-4668-BE54-9A1E7A4F7556}") = "MapperSpeedTest.ManualMapping", "MapperSpeedTest.ManualMapping\MapperSpeedTest.ManualMapping.csproj", "{BBAB93D6-6703-41E4-B6F8-D6EACFC295E8}"
EndProject
Project("{FAE04EC0-301F-11D3-BF4B-00C04F79EFBC}") = "MapperSpeedTest.Common", "MapperSpeedTest.Common\MapperSpeedTest.Common.csproj", "{DEAF3E79-A3FB-48F7-8840-860AB7EE19F9}"
EndProject
Global
	GlobalSection(SolutionConfigurationPlatforms) = preSolution
		Debug|Any CPU = Debug|Any CPU
		Release|Any CPU = Release|Any CPU
	EndGlobalSection
	GlobalSection(ProjectConfigurationPlatforms) = postSolution
		{115769BC-AE94-4E83-9EEF-6A31606C17C5}.Debug|Any CPU.ActiveCfg = Debug|Any CPU
		{115769BC-AE94-4E83-9EEF-6A31606C17C5}.Debug|Any CPU.Build.0 = Debug|Any CPU
		{115769BC-AE94-4E83-9EEF-6A31606C17C5}.Release|Any CPU.ActiveCfg = Release|Any CPU
		{115769BC-AE94-4E83-9EEF-6A31606C17C5}.Release|Any CPU.Build.0 = Release|Any CPU
		{281EE55F-BEE6-49DB-9CEC-655925EEA8FC}.Debug|Any CPU.ActiveCfg = Debug|Any CPU
		{281EE55F-BEE6-49DB-9CEC-655925EEA8FC}.Debug|Any CPU.Build.0 = Debug|Any CPU
		{281EE55F-BEE6-49DB-9CEC-655925EEA8FC}.Release|Any CPU.ActiveCfg = Release|Any CPU
		{281EE55F-BEE6-49DB-9CEC-655925EEA8FC}.Release|Any CPU.Build.0 = Release|Any CPU
		{E9A11039-B562-43EB-8DAB-96120E5A732C}.Debug|Any CPU.ActiveCfg = Debug|Any CPU
		{E9A11039-B562-43EB-8DAB-96120E5A732C}.Debug|Any CPU.Build.0 = Debug|Any CPU
		{E9A11039-B562-43EB-8DAB-96120E5A732C}.Release|Any CPU.ActiveCfg = Release|Any CPU
		{E9A11039-B562-43EB-8DAB-96120E5A732C}.Release|Any CPU.Build.0 = Release|Any CPU
		{BBAB93D6-6703-41E4-B6F8-D6EACFC295E8}.Debug|Any CPU.ActiveCfg = Debug|Any CPU
		{BBAB93D6-6703-41E4-B6F8-D6EACFC295E8}.Debug|Any CPU.Build.0 = Debug|Any CPU
		{BBAB93D6-6703-41E4-B6F8-D6EACFC295E8}.Release|Any CPU.ActiveCfg = Release|Any CPU
		{BBAB93D6-6703-41E4-B6F8-D6EACFC295E8}.Release|Any CPU.Build.0 = Release|Any CPU
		{DEAF3E79-A3FB-48F7-8840-860AB7EE19F9}.Debug|Any CPU.ActiveCfg = Debug|Any CPU
		{DEAF3E79-A3FB-48F7-8840-860AB7EE19F9}.Debug|Any CPU.Build.0 = Debug|Any CPU
		{DEAF3E79-A3FB-48F7-8840-860AB7EE19F9}.Release|Any CPU.ActiveCfg = Release|Any CPU
		{DEAF3E79-A3FB-48F7-8840-860AB7EE19F9}.Release|Any CPU.Build.0 = Release|Any CPU
	EndGlobalSection
	GlobalSection(SolutionProperties) = preSolution
		HideSolutionNode = FALSE
	EndGlobalSection
	GlobalSection(ExtensibilityGlobals) = postSolution
		SolutionGuid = {AEDD9D19-7C28-4A6F-8CC7-00CBDFE0DE2F}
	EndGlobalSection
EndGlobal
